{
  "name": "blog",
  "version": "1.0.0",
  "lockfileVersion": 2,
  "requires": true,
  "packages": {
    "": {
      "name": "blog",
      "version": "1.0.0",
      "license": "ISC",
      "dependencies": {
        "@iconify/icons-logos": "^1.2.33"
      }
    },
    "node_modules/@iconify/icons-logos": {
      "version": "1.2.33",
      "resolved": "https://registry.npmjs.org/@iconify/icons-logos/-/icons-logos-1.2.33.tgz",
      "integrity": "sha512-8f8LQ6R3qqowSq51Q1bbp6+PeNO51EduxSoVpdHNAqeI3vFdCsHZ9hff6ojIXtHUDygrcB7z8B//EtDSp7wN7Q==",
      "dependencies": {
        "@iconify/types": "*"
      }
    },
    "node_modules/@iconify/types": {
      "version": "2.0.0",
      "resolved": "https://registry.npmjs.org/@iconify/types/-/types-2.0.0.tgz",
      "integrity": "sha512-+wluvCrRhXrhyOmRDJ3q8mux9JkKy5SJ/v8ol2tu4FVjyYvtEzkc/3pK15ET6RKg4b4w4BmTk1+gsCUhf21Ykg=="
    }
  },
  "dependencies": {
    "@iconify/icons-logos": {
      "version": "1.2.33",
      "resolved": "https://registry.npmjs.org/@iconify/icons-logos/-/icons-logos-1.2.33.tgz",
      "integrity": "sha512-8f8LQ6R3qqowSq51Q1bbp6+PeNO51EduxSoVpdHNAqeI3vFdCsHZ9hff6ojIXtHUDygrcB7z8B//EtDSp7wN7Q==",
      "requires": {
        "@iconify/types": "*"
      }
    },
    "@iconify/types": {
      "version": "2.0.0",
      "resolved": "https://registry.npmjs.org/@iconify/types/-/types-2.0.0.tgz",
      "integrity": "sha512-+wluvCrRhXrhyOmRDJ3q8mux9JkKy5SJ/v8ol2tu4FVjyYvtEzkc/3pK15ET6RKg4b4w4BmTk1+gsCUhf21Ykg=="
    }
  }
}
